{
  "name": "zulaman-we",
  "version": "1.0.0",
  "lockfileVersion": 1,
  "requires": true,
  "dependencies": {
    "adler-32": {
      "version": "1.2.0",
      "resolved": "https://registry.npmjs.org/adler-32/-/adler-32-1.2.0.tgz",
      "integrity": "sha1-aj5r8KY5ALoVZSgIyxXGgT0aXyU=",
      "requires": {
        "exit-on-epipe": "1.0.1",
        "printj": "1.1.2"
      }
    },
    "cfb": {
      "version": "1.0.7",
      "resolved": "https://registry.npmjs.org/cfb/-/cfb-1.0.7.tgz",
      "integrity": "sha512-KjjZFR+a/e8RDdDTr4PwR0P/HIFRI3sxArFQttml0pFkhIO4TnvS/1+dqtGXPqe5/0MHp2IzjFx1JTzmohHT+w==",
      "requires": {
        "commander": "2.15.1",
        "printj": "1.1.2"
      }
    },
    "codepage": {
      "version": "1.13.1",
      "resolved": "https://registry.npmjs.org/codepage/-/codepage-1.13.1.tgz",
      "integrity": "sha512-KnY6cQlgkfBjplnQkLk3M5KEfAKa7i9SMqXp+bMuy2/bgYovvU4LDAQvkMaoScwhvozA9VUtgnbS4Z8f7zVA8w==",
      "requires": {
        "commander": "2.14.1",
        "exit-on-epipe": "1.0.1"
      },
      "dependencies": {
        "commander": {
          "version": "2.14.1",
          "resolved": "https://registry.npmjs.org/commander/-/commander-2.14.1.tgz",
          "integrity": "sha512-+YR16o3rK53SmWHU3rEM3tPAh2rwb1yPcQX5irVn7mb0gXbwuCCrnkbV5+PBfETdfg1vui07nM6PCG1zndcjQw=="
        }
      }
    },
    "commander": {
      "version": "2.15.1",
      "resolved": "https://registry.npmjs.org/commander/-/commander-2.15.1.tgz",
      "integrity": "sha512-VlfT9F3V0v+jr4yxPc5gg9s62/fIVWsd2Bk2iD435um1NlGMYdVCq+MjcXnhYq2icNOizHr1kK+5TI6H0Hy0ag=="
    },
    "crc-32": {
      "version": "1.2.0",
      "resolved": "https://registry.npmjs.org/crc-32/-/crc-32-1.2.0.tgz",
      "integrity": "sha512-1uBwHxF+Y/4yF5G48fwnKq6QsIXheor3ZLPT80yGBV1oEUwpPojlEhQbWKVw1VwcTQyMGHK1/XMmTjmlsmTTGA==",
      "requires": {
        "exit-on-epipe": "1.0.1",
        "printj": "1.1.2"
      }
    },
    "exit-on-epipe": {
      "version": "1.0.1",
      "resolved": "https://registry.npmjs.org/exit-on-epipe/-/exit-on-epipe-1.0.1.tgz",
      "integrity": "sha512-h2z5mrROTxce56S+pnvAV890uu7ls7f1kEvVGJbw1OlFH3/mlJ5bkXu0KRyW94v37zzHPiUd55iLn3DA7TjWpw=="
    },
    "frac": {
      "version": "1.1.2",
      "resolved": "https://registry.npmjs.org/frac/-/frac-1.1.2.tgz",
      "integrity": "sha512-w/XBfkibaTl3YDqASwfDUqkna4Z2p9cFSr1aHDt0WoMTECnRfBOv2WArlZILlqgWlmdIlALXGpM2AOhEk5W3IA=="
    },
    "fs-extra": {
      "version": "2.1.2",
      "resolved": "https://registry.npmjs.org/fs-extra/-/fs-extra-2.1.2.tgz",
      "integrity": "sha1-BGxwFjzvmq1GsOSn+kZ/si1x3jU=",
      "requires": {
        "graceful-fs": "4.1.11",
        "jsonfile": "2.4.0"
      }
    },
    "graceful-fs": {
      "version": "4.1.11",
      "resolved": "https://registry.npmjs.org/graceful-fs/-/graceful-fs-4.1.11.tgz",
      "integrity": "sha1-Dovf5NHduIVNZOBOp8AOKgJuVlg="
    },
    "ieee754": {
      "version": "1.1.11",
      "resolved": "https://registry.npmjs.org/ieee754/-/ieee754-1.1.11.tgz",
      "integrity": "sha512-VhDzCKN7K8ufStx/CLj5/PDTMgph+qwN5Pkd5i0sGnVwk56zJ0lkT8Qzi1xqWLS0Wp29DgDtNeS7v8/wMoZeHg=="
    },
    "intn": {
      "version": "1.0.0",
      "resolved": "https://registry.npmjs.org/intn/-/intn-1.0.0.tgz",
      "integrity": "sha1-vpNxow+fPpHx8sP+872wAuMGdfo="
    },
    "jsonfile": {
      "version": "2.4.0",
      "resolved": "https://registry.npmjs.org/jsonfile/-/jsonfile-2.4.0.tgz",
      "integrity": "sha1-NzaitCi4e72gzIO1P6PWM6NcKug=",
      "requires": {
        "graceful-fs": "4.1.11"
      }
    },
    "node-xlsx": {
      "version": "0.12.0",
      "resolved": "https://registry.npmjs.org/node-xlsx/-/node-xlsx-0.12.0.tgz",
      "integrity": "sha512-Tkxs1EYdpM8+JFT0h+XarihWLEQPe3ZsUAxA//dBxjslVN9vz0hjrErRt//c2i6aD+xZ2HVur0lvzkw25B0uPw==",
      "requires": {
        "xlsx": "0.12.13"
      },
      "dependencies": {
        "xlsx": {
          "version": "0.12.13",
          "resolved": "https://registry.npmjs.org/xlsx/-/xlsx-0.12.13.tgz",
          "integrity": "sha512-9/2H4PLphmG8sDvI3mfWb6JIFqbvK8IRGhgS55Pw5F+fmKPuzdv4OW9RFjrH5PiTKeqB/883Z8o+jW3JrDahmw==",
          "requires": {
            "adler-32": "1.2.0",
            "cfb": "1.0.7",
            "codepage": "1.13.1",
            "commander": "2.15.1",
            "crc-32": "1.2.0",
            "exit-on-epipe": "1.0.1",
            "ssf": "0.10.2"
          }
        }
      }
    },
    "printj": {
      "version": "1.1.2",
      "resolved": "https://registry.npmjs.org/printj/-/printj-1.1.2.tgz",
      "integrity": "sha512-zA2SmoLaxZyArQTOPj5LXecR+RagfPSU5Kw1qP+jkWeNlrq+eJZyY2oS68SU1Z/7/myXM4lo9716laOFAVStCQ=="
    },
    "ssf": {
      "version": "0.10.2",
      "resolved": "https://registry.npmjs.org/ssf/-/ssf-0.10.2.tgz",
      "integrity": "sha512-rDhAPm9WyIsY8eZEKyE8Qsotb3j/wBdvMWBUsOhJdfhKGLfQidRjiBUV0y/MkyCLiXQ38FG6LWW/VYUtqlIDZQ==",
      "requires": {
        "frac": "1.1.2"
      }
    },
    "wc3maptranslator": {
      "version": "0.5.4",
      "resolved": "https://registry.npmjs.org/wc3maptranslator/-/wc3maptranslator-0.5.4.tgz",
      "integrity": "sha512-5GcsHlk/Wkn/iJpBKvu89Yors8Q4/T+/L/0Biatyv56ApGMD3gifubdHIXOlScrbfM41GePqt8+/z3FYp35Asw==",
      "requires": {
        "fs-extra": "2.1.2",
        "ieee754": "1.1.11",
        "intn": "1.0.0"
      }
    }
  }
}
