{
  "name": "zulaman-we",
  "version": "1.0.0",
  "lockfileVersion": 1,
  "requires": true,
  "dependencies": {
    "fs-extra": {
      "version": "2.1.2",
      "resolved": "https://registry.npmjs.org/fs-extra/-/fs-extra-2.1.2.tgz",
      "integrity": "sha1-BGxwFjzvmq1GsOSn+kZ/si1x3jU=",
      "requires": {
        "graceful-fs": "4.1.11",
        "jsonfile": "2.4.0"
      }
    },
    "graceful-fs": {
      "version": "4.1.11",
      "resolved": "https://registry.npmjs.org/graceful-fs/-/graceful-fs-4.1.11.tgz",
      "integrity": "sha1-Dovf5NHduIVNZOBOp8AOKgJuVlg="
    },
    "ieee754": {
      "version": "1.1.11",
      "resolved": "https://registry.npmjs.org/ieee754/-/ieee754-1.1.11.tgz",
      "integrity": "sha512-VhDzCKN7K8ufStx/CLj5/PDTMgph+qwN5Pkd5i0sGnVwk56zJ0lkT8Qzi1xqWLS0Wp29DgDtNeS7v8/wMoZeHg=="
    },
    "intn": {
      "version": "1.0.0",
      "resolved": "https://registry.npmjs.org/intn/-/intn-1.0.0.tgz",
      "integrity": "sha1-vpNxow+fPpHx8sP+872wAuMGdfo="
    },
    "jsonfile": {
      "version": "2.4.0",
      "resolved": "https://registry.npmjs.org/jsonfile/-/jsonfile-2.4.0.tgz",
      "integrity": "sha1-NzaitCi4e72gzIO1P6PWM6NcKug=",
      "requires": {
        "graceful-fs": "4.1.11"
      }
    },
    "wc3maptranslator": {
      "version": "0.5.4",
      "resolved": "https://registry.npmjs.org/wc3maptranslator/-/wc3maptranslator-0.5.4.tgz",
      "integrity": "sha512-5GcsHlk/Wkn/iJpBKvu89Yors8Q4/T+/L/0Biatyv56ApGMD3gifubdHIXOlScrbfM41GePqt8+/z3FYp35Asw==",
      "requires": {
        "fs-extra": "2.1.2",
        "ieee754": "1.1.11",
        "intn": "1.0.0"
      }
    }
  }
}
